
Microsoft Visual Studio Solution File, Format Version 12.00
# Visual Studio Version 16
VisualStudioVersion = 16.0.31911.196
MinimumVisualStudioVersion = 10.0.40219.1
Project("{9A19103F-16F7-4668-BE54-9A1E7A4F7556}") = "DataAccess", "DataAccess\DataAccess.csproj", "{5C819320-CF58-446D-9C4F-A28A0276CEA6}"
EndProject
Project("{9A19103F-16F7-4668-BE54-9A1E7A4F7556}") = "Business", "Business\Business.csproj", "{8D977123-E60C-420F-B622-741CF60118DF}"
EndProject
Project("{9A19103F-16F7-4668-BE54-9A1E7A4F7556}") = "Entities", "Entities\Entities.csproj", "{C9A14D8B-5A29-4D1E-8E78-1A606B5E400C}"
EndProject
Project("{9A19103F-16F7-4668-BE54-9A1E7A4F7556}") = "ConsoleUI", "ConsoleUI\ConsoleUI.csproj", "{3141000B-2D7F-40F4-9C44-2FCAA7C1EA5E}"
EndProject
Project("{9A19103F-16F7-4668-BE54-9A1E7A4F7556}") = "Core", "Core\Core.csproj", "{AB002DA5-3C9F-4F2B-8A25-779019C62F32}"
EndProject
Project("{FAE04EC0-301F-11D3-BF4B-00C04F79EFBC}") = "WebAPI", "WebAPI\WebAPI.csproj", "{4853522F-7DAC-43FF-B9E3-9CA9A47EC29B}"
EndProject
Global
	GlobalSection(SolutionConfigurationPlatforms) = preSolution
		Debug|Any CPU = Debug|Any CPU
		Release|Any CPU = Release|Any CPU
	EndGlobalSection
	GlobalSection(ProjectConfigurationPlatforms) = postSolution
		{5C819320-CF58-446D-9C4F-A28A0276CEA6}.Debug|Any CPU.ActiveCfg = Debug|Any CPU
		{5C819320-CF58-446D-9C4F-A28A0276CEA6}.Debug|Any CPU.Build.0 = Debug|Any CPU
		{5C819320-CF58-446D-9C4F-A28A0276CEA6}.Release|Any CPU.ActiveCfg = Release|Any CPU
		{5C819320-CF58-446D-9C4F-A28A0276CEA6}.Release|Any CPU.Build.0 = Release|Any CPU
		{8D977123-E60C-420F-B622-741CF60118DF}.Debug|Any CPU.ActiveCfg = Debug|Any CPU
		{8D977123-E60C-420F-B622-741CF60118DF}.Debug|Any CPU.Build.0 = Debug|Any CPU
		{8D977123-E60C-420F-B622-741CF60118DF}.Release|Any CPU.ActiveCfg = Release|Any CPU
		{8D977123-E60C-420F-B622-741CF60118DF}.Release|Any CPU.Build.0 = Release|Any CPU
		{C9A14D8B-5A29-4D1E-8E78-1A606B5E400C}.Debug|Any CPU.ActiveCfg = Debug|Any CPU
		{C9A14D8B-5A29-4D1E-8E78-1A606B5E400C}.Debug|Any CPU.Build.0 = Debug|Any CPU
		{C9A14D8B-5A29-4D1E-8E78-1A606B5E400C}.Release|Any CPU.ActiveCfg = Release|Any CPU
		{C9A14D8B-5A29-4D1E-8E78-1A606B5E400C}.Release|Any CPU.Build.0 = Release|Any CPU
		{3141000B-2D7F-40F4-9C44-2FCAA7C1EA5E}.Debug|Any CPU.ActiveCfg = Debug|Any CPU
		{3141000B-2D7F-40F4-9C44-2FCAA7C1EA5E}.Debug|Any CPU.Build.0 = Debug|Any CPU
		{3141000B-2D7F-40F4-9C44-2FCAA7C1EA5E}.Release|Any CPU.ActiveCfg = Release|Any CPU
		{3141000B-2D7F-40F4-9C44-2FCAA7C1EA5E}.Release|Any CPU.Build.0 = Release|Any CPU
		{AB002DA5-3C9F-4F2B-8A25-779019C62F32}.Debug|Any CPU.ActiveCfg = Debug|Any CPU
		{AB002DA5-3C9F-4F2B-8A25-779019C62F32}.Debug|Any CPU.Build.0 = Debug|Any CPU
		{AB002DA5-3C9F-4F2B-8A25-779019C62F32}.Release|Any CPU.ActiveCfg = Release|Any CPU
		{AB002DA5-3C9F-4F2B-8A25-779019C62F32}.Release|Any CPU.Build.0 = Release|Any CPU
		{4853522F-7DAC-43FF-B9E3-9CA9A47EC29B}.Debug|Any CPU.ActiveCfg = Debug|Any CPU
		{4853522F-7DAC-43FF-B9E3-9CA9A47EC29B}.Debug|Any CPU.Build.0 = Debug|Any CPU
		{4853522F-7DAC-43FF-B9E3-9CA9A47EC29B}.Release|Any CPU.ActiveCfg = Release|Any CPU
		{4853522F-7DAC-43FF-B9E3-9CA9A47EC29B}.Release|Any CPU.Build.0 = Release|Any CPU
	EndGlobalSection
	GlobalSection(SolutionProperties) = preSolution
		HideSolutionNode = FALSE
	EndGlobalSection
	GlobalSection(ExtensibilityGlobals) = postSolution
		SolutionGuid = {2A98BC8C-1D23-4F5D-87DC-6336B0E217B9}
	EndGlobalSection
EndGlobal
